github.com/Azure/go-ntlmssp v0.1.0 h1:DjFo6YtWzNqNvQdrwEyr/e4nhU3vRiwenz5QX7sFz+A=
github.com/Azure/go-ntlmssp v0.1.0/go.mod h1:NYqdhxd/8aAct/s4qSYZEerdPuH1liG2/X9DiVTbhpk=
github.com/alexbrainman/sspi v0.0.0-20250919150558-7d374ff0d59e h1:4dAU9FXIyQktpoUAgOJK3OTFc/xug0PCXYCqU0FgDKI=
github.com/alexbrainman/sspi v0.0.0-20250919150558-7d374ff0d59e/go.mod h1:cEWa1LVoE5KvSD9ONXsZrj0z6KqySlCCNKHlLzbqAt4=
github.com/davecgh/go-spew v1.1.0/go.mod h1:J7Y8YcW2NihsgmVo/mv3lAwl/skON4iLHjSsI+c5H38=
github.com/davecgh/go-spew v1.1.1 h1:vj9j/u1bqnvCEfJOwUhtlOARqs3+rkHYY13jYWTU97c=
github.com/davecgh/go-spew v1.1.1/go.mod h1:J7Y8YcW2NihsgmVo/mv3lAwl/skON4iLHjSsI+c5H38=
github.com/fsnotify/fsnotify v1.9.0 h1:2Ml+OJNzbYCTzsxtv8vKSFD9PbJjmhYF14k/jKC7S9k=
github.com/fsnotify/fsnotify v1.9.0/go.mod h1:8jBTzvmWwFyi3Pb8djgCCO5IBqzKJ/Jwo8TRcHyHii0=
github.com/go-asn1-ber/asn1-ber v1.5.8-0.20250403174932-29230038a667 h1:BP4M0CvQ4S3TGls2FvczZtj5Re/2ZzkV9VwqPHH/3Bo=
github.com/go-asn1-ber/asn1-ber v1.5.8-0.20250403174932-29230038a667/go.mod h1:hEBeB/ic+5LoWskz+yKT7vGhhPYkProFKoKdwZRWMe0=
github.com/go-ldap/ldap/v3 v3.4.12 h1:1b81mv7MagXZ7+1r7cLTWmyuTqVqdwbtJSjC0DAp9s4=
github.com/go-ldap/ldap/v3 v3.4.12/go.mod h1:+SPAGcTtOfmGsCb3h1RFiq4xpp4N636G75OEace8lNo=
github.com/google/gofuzz v1.2.0 h1:xRy4A+RhZaiKjJ1bPfwQ8sedCA+YS2YcCHW6ec7JMi0=
github.com/google/gofuzz v1.2.0/go.mod h1:dBl0BpW6vV/+mYPU4Po3pmUjxk6FQPldtuIdl/M65Eg=
github.com/google/uuid v1.6.0 h1:NIvaJDMOsjHA8n1jAhLSgzrAzy1Hgr+hNrb57e+94F0=
github.com/google/uuid v1.6.0/go.mod h1:TIyPZe4MgqvfeYDBFedMoGGpEw/LqOeaOT+nhxU+yHo=
github.com/gorilla/mux v1.8.1 h1:TuBL49tXwgrFYWhqrNgrUNEY92u81SPhu7sTdzQEiWY=
github.com/gorilla/mux v1.8.1/go.mod h1:AKf9I4AEqPTmMytcMc0KkNouC66V3BtZ4qD5fmWSiMQ=
github.com/gorilla/securecookie v1.1.2 h1:YCIWL56dvtr73r6715mJs5ZvhtnY73hBvEF8kXD8ePA=
github.com/gorilla/securecookie v1.1.2/go.mod h1:NfCASbcHqRSY+3a8tlWJwsQap2VX5pwzwo4h3eOamfo=
github.com/gorilla/sessions v1.4.0 h1:kpIYOp/oi6MG/p5PgxApU8srsSw9tuFbt46Lt7auzqQ=
github.com/gorilla/sessions v1.4.0/go.mod h1:FLWm50oby91+hl7p/wRxDth9bWSuk0qVL2emc7lT5ik=
github.com/hashicorp/go-uuid v1.0.3 h1:2gKiV6YVmrJ1i2CKKa9obLvRieoRGviZFL26PcT/Co8=
github.com/hashicorp/go-uuid v1.0.3/go.mod h1:6SBZvOh/SIDV7/2o3Jml5SYk/TvGqwFJ/bN7x4byOro=
github.com/jcmturner/aescts/v2 v2.0.0 h1:9YKLH6ey7H4eDBXW8khjYslgyqG2xZikXP0EQFKrle8=
github.com/jcmturner/aescts/v2 v2.0.0/go.mod h1:AiaICIRyfYg35RUkr8yESTqvSy7csK90qZ5xfvvsoNs=
github.com/jcmturner/dnsutils/v2 v2.0.0 h1:lltnkeZGL0wILNvrNiVCR6Ro5PGU/SeBvVO/8c/iPbo=
github.com/jcmturner/dnsutils/v2 v2.0.0/go.mod h1:b0TnjGOvI/n42bZa+hmXL+kFJZsFT7G4t3HTlQ184QM=
github.com/jcmturner/gofork v1.7.6 h1:QH0l3hzAU1tfT3rZCnW5zXl+orbkNMMRGJfdJjHVETg=
github.com/jcmturner/gofork v1.7.6/go.mod h1:1622LH6i/EZqLloHfE7IeZ0uEJwMSUyQ/nDd82IeqRo=
github.com/jcmturner/goidentity/v6 v6.0.1 h1:VKnZd2oEIMorCTsFBnJWbExfNN7yZr3EhJAxwOkZg6o=
github.com/jcmturner/goidentity/v6 v6.0.1/go.mod h1:X1YW3bgtvwAXju7V3LCIMpY0Gbxyjn/mY9zx4tFonSg=
github.com/jcmturner/gokrb5/v8 v8.4.4 h1:x1Sv4HaTpepFkXbt2IkL29DXRf8sOfZXo8eRKh687T8=
github.com/jcmturner/gokrb5/v8 v8.4.4/go.mod h1:1btQEpgT6k+unzCwX1KdWMEwPPkkgBtP+F6aCACiMrs=
github.com/jcmturner/rpc/v2 v2.0.3 h1:7FXXj8Ti1IaVFpSAziCZWNzbNuZmnvw/i6CqLNdWfZY=
github.com/jcmturner/rpc/v2 v2.0.3/go.mod h1:VUJYCIDm3PVOEHw8sgt091/20OJjskO/YJki3ELg/Hc=
github.com/kr/pretty v0.1.0/go.mod h1:dAy3ld7l9f0ibDNOQOHHMYYIIbhfbHSm3C4ZsoJORNo=
github.com/kr/pty v1.1.1/go.mod h1:pFQYn66WHrOpPYNljwOMqo10TkYh1fy3cYio2l3bCsQ=
github.com/kr/text v0.1.0/go.mod h1:4Jbv+DJW3UT/LiOwJeYQe1efqtUx/iVham/4vfdArNI=
github.com/majewsky/xyrillian.css v0.0.0-20220726195116-0374c0b40e25 h1:rQ9BxeHYtPe8nG2a36QWhwcrlAwUdOvUUMub7YRV5gM=
github.com/majewsky/xyrillian.css v0.0.0-20220726195116-0374c0b40e25/go.mod h1:7hqd4c6WS/k8JAutdt668nZauYI8/mm67iIlQldeqj8=
github.com/pmezard/go-difflib v1.0.0 h1:4DBwDE0NGyQoBHbLQYPwSUPoCMWR5BEzIk/f1lZbAQM=
github.com/pmezard/go-difflib v1.0.0/go.mod h1:iKH77koFhYxTK1pcRnkKkqfTogsbg7gZNVY4sRDYZ/4=
github.com/sapcc/go-bits v0.0.0-20260219121224-1c2b75dbf776 h1:WFpq3qAk60WUoqCMYOkTRiFkpKyjQ/Wq6xUslz/3y7g=
github.com/sapcc/go-bits v0.0.0-20260219121224-1c2b75dbf776/go.mod h1:AYC4f8FYO9DllSt4TyMwm1e5iPn32/DGIrlgXtuEsJ0=
github.com/sergi/go-diff v1.4.0 h1:n/SP9D5ad1fORl+llWyN+D6qoUETXNZARKjyY2/KVCw=
github.com/sergi/go-diff v1.4.0/go.mod h1:A0bzQcvG0E7Rwjx0REVgAGH58e96+X0MeOfepqsbeW4=
github.com/stretchr/objx v0.1.0/go.mod h1:HFkY916IF+rwdDfMAkV7OtwuqBVzrE8GR6GFx+wExME=
github.com/stretchr/testify v1.4.0/go.mod h1:j7eGeouHqKxXV5pUuKE4zz7dFj8WfuZ+81PSLYec5m4=
github.com/stretchr/testify v1.8.1 h1:w7B6lhMri9wdJUVmEZPGGhZzrYTPvgJArz7wNPgYKsk=
github.com/stretchr/testify v1.8.1/go.mod h1:w2LPCIKwWwSfY2zedu0+kehJoqGctiVI29o6fzry7u4=
golang.org/x/crypto v0.48.0 h1:/VRzVqiRSggnhY7gNRxPauEQ5Drw9haKdM0jqfcCFts=
golang.org/x/crypto v0.48.0/go.mod h1:r0kV5h3qnFPlQnBSrULhlsRfryS2pmewsg+XfMgkVos=
golang.org/x/net v0.49.0 h1:eeHFmOGUTtaaPSGNmjBKpbng9MulQsJURQUAfUwY++o=
golang.org/x/net v0.49.0/go.mod h1:/ysNB2EvaqvesRkuLAyjI1ycPZlQHM3q01F02UY/MV8=
golang.org/x/sys v0.41.0 h1:Ivj+2Cp/ylzLiEU89QhWblYnOE9zerudt9Ftecq2C6k=
golang.org/x/sys v0.41.0/go.mod h1:OgkHotnGiDImocRcuBABYBEXf8A9a87e/uXjp9XT3ks=
golang.org/x/term v0.40.0 h1:36e4zGLqU4yhjlmxEaagx2KuYbJq3EwY8K943ZsHcvg=
golang.org/x/term v0.40.0/go.mod h1:w2P8uVp06p2iyKKuvXIm7N/y0UCRt3UfJTfZ7oOpglM=
gopkg.in/check.v1 v0.0.0-20161208181325-20d25e280405/go.mod h1:Co6ibVJAznAaIkqp8huTwlJQCZ016jof/cbN4VW5Yz0=
gopkg.in/check.v1 v1.0.0-20190902080502-41f04d3bba15/go.mod h1:Co6ibVJAznAaIkqp8huTwlJQCZ016jof/cbN4VW5Yz0=
gopkg.in/yaml.v2 v2.2.2/go.mod h1:hI93XBmqTisBFMUTm0b8Fm+jr3Dg1NNxqwp+5A1VGuI=
gopkg.in/yaml.v2 v2.4.0/go.mod h1:RDklbk79AGWmwhnvt/jBztapEOGDOx6ZbXqjP6csGnQ=
gopkg.in/yaml.v3 v3.0.1 h1:fxVm/GzAzEWqLHuvctI91KS9hhNmmWOoWu0XTYJS7CA=
gopkg.in/yaml.v3 v3.0.1/go.mod h1:K4uyk7z7BCEPqu6E+C64Yfv1cQ7kz7rIZviUmN+EgEM=
